// !$*UTF8*$!
{
	archiveVersion = 1;
	classes = {
	};
	objectVersion = 46;
	objects = {

/* Begin PBXBuildFile section */
		4E07CFFC1AD662EB00FDEF99 /* ImagePickerObject.m in Sources */ = {isa = PBXBuildFile; fileRef = 4E07CFFB1AD662EB00FDEF99 /* ImagePickerObject.m */; };
		4E133DAB1AC2064F002E1C3F /* MCSwipeTableViewCell.m in Sources */ = {isa = PBXBuildFile; fileRef = 4E133DAA1AC2064F002E1C3F /* MCSwipeTableViewCell.m */; };
		4E133DAD1AC25F52002E1C3F /* refresh.png in Resources */ = {isa = PBXBuildFile; fileRef = 4E133DAC1AC25F51002E1C3F /* refresh.png */; };
		4E7508771A9BB4900008D3C3 /* main.m in Sources */ = {isa = PBXBuildFile; fileRef = 4E7508761A9BB4900008D3C3 /* main.m */; };
		4E75087A1A9BB4900008D3C3 /* AppDelegate.m in Sources */ = {isa = PBXBuildFile; fileRef = 4E7508791A9BB4900008D3C3 /* AppDelegate.m */; };
		4E75087D1A9BB4900008D3C3 /* Cheers.xcdatamodeld in Sources */ = {isa = PBXBuildFile; fileRef = 4E75087B1A9BB4900008D3C3 /* Cheers.xcdatamodeld */; };
		4E7508831A9BB4900008D3C3 /* Main.storyboard in Resources */ = {isa = PBXBuildFile; fileRef = 4E7508811A9BB4900008D3C3 /* Main.storyboard */; };
		4E7508851A9BB4900008D3C3 /* Images.xcassets in Resources */ = {isa = PBXBuildFile; fileRef = 4E7508841A9BB4900008D3C3 /* Images.xcassets */; };
		4E7508881A9BB4900008D3C3 /* LaunchScreen.xib in Resources */ = {isa = PBXBuildFile; fileRef = 4E7508861A9BB4900008D3C3 /* LaunchScreen.xib */; };
		4E7508941A9BB4900008D3C3 /* CheersTests.m in Sources */ = {isa = PBXBuildFile; fileRef = 4E7508931A9BB4900008D3C3 /* CheersTests.m */; };
		4E7508A21A9BB4D90008D3C3 /* Bar.m in Sources */ = {isa = PBXBuildFile; fileRef = 4E7508A11A9BB4D90008D3C3 /* Bar.m */; };
		4E7508A51A9BB5F80008D3C3 /* Customer.m in Sources */ = {isa = PBXBuildFile; fileRef = 4E7508A41A9BB5F80008D3C3 /* Customer.m */; };
		4E7508A81A9BB6EF0008D3C3 /* Drink.m in Sources */ = {isa = PBXBuildFile; fileRef = 4E7508A71A9BB6EF0008D3C3 /* Drink.m */; };
		4E7508AB1A9BB8300008D3C3 /* Bartender.m in Sources */ = {isa = PBXBuildFile; fileRef = 4E7508AA1A9BB8300008D3C3 /* Bartender.m */; };
		4E7508AE1A9BB9120008D3C3 /* Order.m in Sources */ = {isa = PBXBuildFile; fileRef = 4E7508AD1A9BB9120008D3C3 /* Order.m */; };
		4E7508B11A9BD1BA0008D3C3 /* OrderingViewController.m in Sources */ = {isa = PBXBuildFile; fileRef = 4E7508B01A9BD1BA0008D3C3 /* OrderingViewController.m */; };
		4E7508B41A9BDA390008D3C3 /* BartenderViewController.m in Sources */ = {isa = PBXBuildFile; fileRef = 4E7508B31A9BDA390008D3C3 /* BartenderViewController.m */; };
		4E7508B71A9D13050008D3C3 /* NetworkController.m in Sources */ = {isa = PBXBuildFile; fileRef = 4E7508B61A9D13050008D3C3 /* NetworkController.m */; };
		4E7508BC1A9D34660008D3C3 /* drink.jpg in Resources */ = {isa = PBXBuildFile; fileRef = 4E7508BB1A9D34660008D3C3 /* drink.jpg */; };
		4E7508BE1A9D3C780008D3C3 /* DrinkOrderCell.xib in Resources */ = {isa = PBXBuildFile; fileRef = 4E7508BD1A9D3C780008D3C3 /* DrinkOrderCell.xib */; };
		4E7508C11A9D3D490008D3C3 /* DrinkOrderCell.m in Sources */ = {isa = PBXBuildFile; fileRef = 4E7508C01A9D3D490008D3C3 /* DrinkOrderCell.m */; };
		4E7508C31A9D49960008D3C3 /* cosmo.jpeg in Resources */ = {isa = PBXBuildFile; fileRef = 4E7508C21A9D49960008D3C3 /* cosmo.jpeg */; };
		4EBD33B91A9D86AF001A435F /* home_selected.png in Resources */ = {isa = PBXBuildFile; fileRef = 4EBD33A51A9D86AF001A435F /* home_selected.png */; };
		4EBD33BA1A9D86AF001A435F /* home_selected@2x.png in Resources */ = {isa = PBXBuildFile; fileRef = 4EBD33A61A9D86AF001A435F /* home_selected@2x.png */; };
		4EBD33BB1A9D86AF001A435F /* home.png in Resources */ = {isa = PBXBuildFile; fileRef = 4EBD33A71A9D86AF001A435F /* home.png */; };
		4EBD33BC1A9D86AF001A435F /* home@2x.png in Resources */ = {isa = PBXBuildFile; fileRef = 4EBD33A81A9D86AF001A435F /* home@2x.png */; };
		4EBD33C11A9D86AF001A435F /* myplan_selected.png in Resources */ = {isa = PBXBuildFile; fileRef = 4EBD33AD1A9D86AF001A435F /* myplan_selected.png */; };
		4EBD33C21A9D86AF001A435F /* myplan_selected@2x.png in Resources */ = {isa = PBXBuildFile; fileRef = 4EBD33AE1A9D86AF001A435F /* myplan_selected@2x.png */; };
		4EBD33C31A9D86AF001A435F /* myplan.png in Resources */ = {isa = PBXBuildFile; fileRef = 4EBD33AF1A9D86AF001A435F /* myplan.png */; };
		4EBD33C41A9D86AF001A435F /* myplan@2x.png in Resources */ = {isa = PBXBuildFile; fileRef = 4EBD33B01A9D86AF001A435F /* myplan@2x.png */; };
		4EBD33C51A9D86AF001A435F /* settings_selected.png in Resources */ = {isa = PBXBuildFile; fileRef = 4EBD33B11A9D86AF001A435F /* settings_selected.png */; };
		4EBD33C61A9D86AF001A435F /* settings_selected@2x.png in Resources */ = {isa = PBXBuildFile; fileRef = 4EBD33B21A9D86AF001A435F /* settings_selected@2x.png */; };
		4EBD33C71A9D86AF001A435F /* settings.png in Resources */ = {isa = PBXBuildFile; fileRef = 4EBD33B31A9D86AF001A435F /* settings.png */; };
		4EBD33C81A9D86AF001A435F /* settings@2x.png in Resources */ = {isa = PBXBuildFile; fileRef = 4EBD33B41A9D86AF001A435F /* settings@2x.png */; };
		4EBD33C91A9D86AF001A435F /* tabbar_selected.png in Resources */ = {isa = PBXBuildFile; fileRef = 4EBD33B51A9D86AF001A435F /* tabbar_selected.png */; };
		4EBD33CA1A9D86AF001A435F /* tabbar_selected@2x.png in Resources */ = {isa = PBXBuildFile; fileRef = 4EBD33B61A9D86AF001A435F /* tabbar_selected@2x.png */; };
		4EBD33D31A9E3EED001A435F /* BarsTableViewController.m in Sources */ = {isa = PBXBuildFile; fileRef = 4EBD33D21A9E3EED001A435F /* BarsTableViewController.m */; };
		4EBD33D51A9E3FAE001A435F /* BarCell.xib in Resources */ = {isa = PBXBuildFile; fileRef = 4EBD33D41A9E3FAE001A435F /* BarCell.xib */; };
		4EBD33D81A9E40BE001A435F /* BarCell.m in Sources */ = {isa = PBXBuildFile; fileRef = 4EBD33D71A9E40BE001A435F /* BarCell.m */; };
		4EBD33DB1A9EF20D001A435F /* SignUpVC.m in Sources */ = {isa = PBXBuildFile; fileRef = 4EBD33DA1A9EF20D001A435F /* SignUpVC.m */; };
		4EFFC9DF1AE8AE28002475B9 /* CoreGraphics.framework in Frameworks */ = {isa = PBXBuildFile; fileRef = 4EFFC9DE1AE8AE28002475B9 /* CoreGraphics.framework */; };
		4EFFC9EA1AE8AF02002475B9 /* MMPickerView.m in Sources */ = {isa = PBXBuildFile; fileRef = 4EFFC9E91AE8AF02002475B9 /* MMPickerView.m */; };
		4EFFC9EC1AEA16C9002475B9 /* DrinkInCartCell.xib in Resources */ = {isa = PBXBuildFile; fileRef = 4EFFC9EB1AEA16C9002475B9 /* DrinkInCartCell.xib */; };
		4EFFC9EF1AEA1703002475B9 /* DrinkToOrderCell.m in Sources */ = {isa = PBXBuildFile; fileRef = 4EFFC9EE1AEA1703002475B9 /* DrinkToOrderCell.m */; };
		A39DBFB63F80CDAB3B02D6BD /* libPods.a in Frameworks */ = {isa = PBXBuildFile; fileRef = 4F217E42BA4F88ECC8A3EB96 /* libPods.a */; };
/* End PBXBuildFile section */

/* Begin PBXContainerItemProxy section */
		4E75088E1A9BB4900008D3C3 /* PBXContainerItemProxy */ = {
			isa = PBXContainerItemProxy;
			containerPortal = 4E7508691A9BB4900008D3C3 /* Project object */;
			proxyType = 1;
			remoteGlobalIDString = 4E7508701A9BB4900008D3C3;
			remoteInfo = Cheers;
		};
/* End PBXContainerItemProxy section */

/* Begin PBXFileReference section */
		4E07CFFA1AD662EB00FDEF99 /* ImagePickerObject.h */ = {isa = PBXFileReference; fileEncoding = 4; lastKnownFileType = sourcecode.c.h; path = ImagePickerObject.h; sourceTree = "<group>"; };
		4E07CFFB1AD662EB00FDEF99 /* ImagePickerObject.m */ = {isa = PBXFileReference; fileEncoding = 4; lastKnownFileType = sourcecode.c.objc; path = ImagePickerObject.m; sourceTree = "<group>"; };
		4E133DA91AC2064F002E1C3F /* MCSwipeTableViewCell.h */ = {isa = PBXFileReference; fileEncoding = 4; lastKnownFileType = sourcecode.c.h; path = MCSwipeTableViewCell.h; sourceTree = "<group>"; };
		4E133DAA1AC2064F002E1C3F /* MCSwipeTableViewCell.m */ = {isa = PBXFileReference; fileEncoding = 4; lastKnownFileType = sourcecode.c.objc; path = MCSwipeTableViewCell.m; sourceTree = "<group>"; };
		4E133DAC1AC25F51002E1C3F /* refresh.png */ = {isa = PBXFileReference; lastKnownFileType = image.png; path = refresh.png; sourceTree = "<group>"; };
		4E3D1D4A1ABBAF92003E4FCE /* Cheers.entitlements */ = {isa = PBXFileReference; lastKnownFileType = text.xml; path = Cheers.entitlements; sourceTree = "<group>"; };
		4E7508711A9BB4900008D3C3 /* Cheers.app */ = {isa = PBXFileReference; explicitFileType = wrapper.application; includeInIndex = 0; path = Cheers.app; sourceTree = BUILT_PRODUCTS_DIR; };
		4E7508751A9BB4900008D3C3 /* Info.plist */ = {isa = PBXFileReference; lastKnownFileType = text.plist.xml; path = Info.plist; sourceTree = "<group>"; };
		4E7508761A9BB4900008D3C3 /* main.m */ = {isa = PBXFileReference; lastKnownFileType = sourcecode.c.objc; path = main.m; sourceTree = "<group>"; };
		4E7508781A9BB4900008D3C3 /* AppDelegate.h */ = {isa = PBXFileReference; lastKnownFileType = sourcecode.c.h; path = AppDelegate.h; sourceTree = "<group>"; };
		4E7508791A9BB4900008D3C3 /* AppDelegate.m */ = {isa = PBXFileReference; lastKnownFileType = sourcecode.c.objc; path = AppDelegate.m; sourceTree = "<group>"; };
		4E75087C1A9BB4900008D3C3 /* Cheers.xcdatamodel */ = {isa = PBXFileReference; lastKnownFileType = wrapper.xcdatamodel; path = Cheers.xcdatamodel; sourceTree = "<group>"; };
		4E7508821A9BB4900008D3C3 /* Base */ = {isa = PBXFileReference; lastKnownFileType = file.storyboard; name = Base; path = Base.lproj/Main.storyboard; sourceTree = "<group>"; };
		4E7508841A9BB4900008D3C3 /* Images.xcassets */ = {isa = PBXFileReference; lastKnownFileType = folder.assetcatalog; path = Images.xcassets; sourceTree = "<group>"; };
		4E7508871A9BB4900008D3C3 /* Base */ = {isa = PBXFileReference; lastKnownFileType = file.xib; name = Base; path = Base.lproj/LaunchScreen.xib; sourceTree = "<group>"; };
		4E75088D1A9BB4900008D3C3 /* CheersTests.xctest */ = {isa = PBXFileReference; explicitFileType = wrapper.cfbundle; includeInIndex = 0; path = CheersTests.xctest; sourceTree = BUILT_PRODUCTS_DIR; };
		4E7508921A9BB4900008D3C3 /* Info.plist */ = {isa = PBXFileReference; lastKnownFileType = text.plist.xml; path = Info.plist; sourceTree = "<group>"; };
		4E7508931A9BB4900008D3C3 /* CheersTests.m */ = {isa = PBXFileReference; lastKnownFileType = sourcecode.c.objc; path = CheersTests.m; sourceTree = "<group>"; };
		4E7508A01A9BB4D90008D3C3 /* Bar.h */ = {isa = PBXFileReference; fileEncoding = 4; lastKnownFileType = sourcecode.c.h; path = Bar.h; sourceTree = "<group>"; };
		4E7508A11A9BB4D90008D3C3 /* Bar.m */ = {isa = PBXFileReference; fileEncoding = 4; lastKnownFileType = sourcecode.c.objc; path = Bar.m; sourceTree = "<group>"; };
		4E7508A31A9BB5F80008D3C3 /* Customer.h */ = {isa = PBXFileReference; fileEncoding = 4; lastKnownFileType = sourcecode.c.h; path = Customer.h; sourceTree = "<group>"; };
		4E7508A41A9BB5F80008D3C3 /* Customer.m */ = {isa = PBXFileReference; fileEncoding = 4; lastKnownFileType = sourcecode.c.objc; path = Customer.m; sourceTree = "<group>"; };
		4E7508A61A9BB6EF0008D3C3 /* Drink.h */ = {isa = PBXFileReference; fileEncoding = 4; lastKnownFileType = sourcecode.c.h; path = Drink.h; sourceTree = "<group>"; };
		4E7508A71A9BB6EF0008D3C3 /* Drink.m */ = {isa = PBXFileReference; fileEncoding = 4; lastKnownFileType = sourcecode.c.objc; path = Drink.m; sourceTree = "<group>"; };
		4E7508A91A9BB8300008D3C3 /* Bartender.h */ = {isa = PBXFileReference; fileEncoding = 4; lastKnownFileType = sourcecode.c.h; path = Bartender.h; sourceTree = "<group>"; };
		4E7508AA1A9BB8300008D3C3 /* Bartender.m */ = {isa = PBXFileReference; fileEncoding = 4; lastKnownFileType = sourcecode.c.objc; path = Bartender.m; sourceTree = "<group>"; };
		4E7508AC1A9BB9120008D3C3 /* Order.h */ = {isa = PBXFileReference; fileEncoding = 4; lastKnownFileType = sourcecode.c.h; path = Order.h; sourceTree = "<group>"; };
		4E7508AD1A9BB9120008D3C3 /* Order.m */ = {isa = PBXFileReference; fileEncoding = 4; lastKnownFileType = sourcecode.c.objc; path = Order.m; sourceTree = "<group>"; };
		4E7508AF1A9BD1BA0008D3C3 /* OrderingViewController.h */ = {isa = PBXFileReference; fileEncoding = 4; lastKnownFileType = sourcecode.c.h; path = OrderingViewController.h; sourceTree = "<group>"; };
		4E7508B01A9BD1BA0008D3C3 /* OrderingViewController.m */ = {isa = PBXFileReference; fileEncoding = 4; lastKnownFileType = sourcecode.c.objc; path = OrderingViewController.m; sourceTree = "<group>"; };
		4E7508B21A9BDA390008D3C3 /* BartenderViewController.h */ = {isa = PBXFileReference; fileEncoding = 4; lastKnownFileType = sourcecode.c.h; path = BartenderViewController.h; sourceTree = "<group>"; };
		4E7508B31A9BDA390008D3C3 /* BartenderViewController.m */ = {isa = PBXFileReference; fileEncoding = 4; lastKnownFileType = sourcecode.c.objc; path = BartenderViewController.m; sourceTree = "<group>"; };
		4E7508B51A9D13050008D3C3 /* NetworkController.h */ = {isa = PBXFileReference; fileEncoding = 4; lastKnownFileType = sourcecode.c.h; path = NetworkController.h; sourceTree = "<group>"; };
		4E7508B61A9D13050008D3C3 /* NetworkController.m */ = {isa = PBXFileReference; fileEncoding = 4; lastKnownFileType = sourcecode.c.objc; path = NetworkController.m; sourceTree = "<group>"; };
		4E7508BB1A9D34660008D3C3 /* drink.jpg */ = {isa = PBXFileReference; lastKnownFileType = image.jpeg; path = drink.jpg; sourceTree = "<group>"; };
		4E7508BD1A9D3C780008D3C3 /* DrinkOrderCell.xib */ = {isa = PBXFileReference; fileEncoding = 4; lastKnownFileType = file.xib; path = DrinkOrderCell.xib; sourceTree = "<group>"; };
		4E7508BF1A9D3D490008D3C3 /* DrinkOrderCell.h */ = {isa = PBXFileReference; fileEncoding = 4; lastKnownFileType = sourcecode.c.h; path = DrinkOrderCell.h; sourceTree = "<group>"; };
		4E7508C01A9D3D490008D3C3 /* DrinkOrderCell.m */ = {isa = PBXFileReference; fileEncoding = 4; lastKnownFileType = sourcecode.c.objc; path = DrinkOrderCell.m; sourceTree = "<group>"; };
		4E7508C21A9D49960008D3C3 /* cosmo.jpeg */ = {isa = PBXFileReference; lastKnownFileType = image.jpeg; path = cosmo.jpeg; sourceTree = "<group>"; };
		4EBD33A51A9D86AF001A435F /* home_selected.png */ = {isa = PBXFileReference; lastKnownFileType = image.png; path = home_selected.png; sourceTree = "<group>"; };
		4EBD33A61A9D86AF001A435F /* home_selected@2x.png */ = {isa = PBXFileReference; lastKnownFileType = image.png; path = "home_selected@2x.png"; sourceTree = "<group>"; };
		4EBD33A71A9D86AF001A435F /* home.png */ = {isa = PBXFileReference; lastKnownFileType = image.png; path = home.png; sourceTree = "<group>"; };
		4EBD33A81A9D86AF001A435F /* home@2x.png */ = {isa = PBXFileReference; lastKnownFileType = image.png; path = "home@2x.png"; sourceTree = "<group>"; };
		4EBD33AD1A9D86AF001A435F /* myplan_selected.png */ = {isa = PBXFileReference; lastKnownFileType = image.png; path = myplan_selected.png; sourceTree = "<group>"; };
		4EBD33AE1A9D86AF001A435F /* myplan_selected@2x.png */ = {isa = PBXFileReference; lastKnownFileType = image.png; path = "myplan_selected@2x.png"; sourceTree = "<group>"; };
		4EBD33AF1A9D86AF001A435F /* myplan.png */ = {isa = PBXFileReference; lastKnownFileType = image.png; path = myplan.png; sourceTree = "<group>"; };
		4EBD33B01A9D86AF001A435F /* myplan@2x.png */ = {isa = PBXFileReference; lastKnownFileType = image.png; path = "myplan@2x.png"; sourceTree = "<group>"; };
		4EBD33B11A9D86AF001A435F /* settings_selected.png */ = {isa = PBXFileReference; lastKnownFileType = image.png; path = settings_selected.png; sourceTree = "<group>"; };
		4EBD33B21A9D86AF001A435F /* settings_selected@2x.png */ = {isa = PBXFileReference; lastKnownFileType = image.png; path = "settings_selected@2x.png"; sourceTree = "<group>"; };
		4EBD33B31A9D86AF001A435F /* settings.png */ = {isa = PBXFileReference; lastKnownFileType = image.png; path = settings.png; sourceTree = "<group>"; };
		4EBD33B41A9D86AF001A435F /* settings@2x.png */ = {isa = PBXFileReference; lastKnownFileType = image.png; path = "settings@2x.png"; sourceTree = "<group>"; };
		4EBD33B51A9D86AF001A435F /* tabbar_selected.png */ = {isa = PBXFileReference; lastKnownFileType = image.png; path = tabbar_selected.png; sourceTree = "<group>"; };
		4EBD33B61A9D86AF001A435F /* tabbar_selected@2x.png */ = {isa = PBXFileReference; lastKnownFileType = image.png; path = "tabbar_selected@2x.png"; sourceTree = "<group>"; };
		4EBD33D11A9E3EED001A435F /* BarsTableViewController.h */ = {isa = PBXFileReference; fileEncoding = 4; lastKnownFileType = sourcecode.c.h; path = BarsTableViewController.h; sourceTree = "<group>"; };
		4EBD33D21A9E3EED001A435F /* BarsTableViewController.m */ = {isa = PBXFileReference; fileEncoding = 4; lastKnownFileType = sourcecode.c.objc; path = BarsTableViewController.m; sourceTree = "<group>"; };
		4EBD33D41A9E3FAE001A435F /* BarCell.xib */ = {isa = PBXFileReference; fileEncoding = 4; lastKnownFileType = file.xib; path = BarCell.xib; sourceTree = "<group>"; };
		4EBD33D61A9E40BE001A435F /* BarCell.h */ = {isa = PBXFileReference; fileEncoding = 4; lastKnownFileType = sourcecode.c.h; path = BarCell.h; sourceTree = "<group>"; };
		4EBD33D71A9E40BE001A435F /* BarCell.m */ = {isa = PBXFileReference; fileEncoding = 4; lastKnownFileType = sourcecode.c.objc; path = BarCell.m; sourceTree = "<group>"; };
		4EBD33D91A9EF20D001A435F /* SignUpVC.h */ = {isa = PBXFileReference; fileEncoding = 4; lastKnownFileType = sourcecode.c.h; path = SignUpVC.h; sourceTree = "<group>"; };
		4EBD33DA1A9EF20D001A435F /* SignUpVC.m */ = {isa = PBXFileReference; fileEncoding = 4; lastKnownFileType = sourcecode.c.objc; path = SignUpVC.m; sourceTree = "<group>"; };
		4EFFC9DE1AE8AE28002475B9 /* CoreGraphics.framework */ = {isa = PBXFileReference; lastKnownFileType = wrapper.framework; name = CoreGraphics.framework; path = System/Library/Frameworks/CoreGraphics.framework; sourceTree = SDKROOT; };
		4EFFC9E81AE8AF02002475B9 /* MMPickerView.h */ = {isa = PBXFileReference; fileEncoding = 4; lastKnownFileType = sourcecode.c.h; path = MMPickerView.h; sourceTree = "<group>"; };
		4EFFC9E91AE8AF02002475B9 /* MMPickerView.m */ = {isa = PBXFileReference; fileEncoding = 4; lastKnownFileType = sourcecode.c.objc; path = MMPickerView.m; sourceTree = "<group>"; };
		4EFFC9EB1AEA16C9002475B9 /* DrinkInCartCell.xib */ = {isa = PBXFileReference; fileEncoding = 4; lastKnownFileType = file.xib; path = DrinkInCartCell.xib; sourceTree = "<group>"; };
		4EFFC9ED1AEA1703002475B9 /* DrinkToOrderCell.h */ = {isa = PBXFileReference; fileEncoding = 4; lastKnownFileType = sourcecode.c.h; path = DrinkToOrderCell.h; sourceTree = "<group>"; };
		4EFFC9EE1AEA1703002475B9 /* DrinkToOrderCell.m */ = {isa = PBXFileReference; fileEncoding = 4; lastKnownFileType = sourcecode.c.objc; path = DrinkToOrderCell.m; sourceTree = "<group>"; };
		4F217E42BA4F88ECC8A3EB96 /* libPods.a */ = {isa = PBXFileReference; explicitFileType = archive.ar; includeInIndex = 0; path = libPods.a; sourceTree = BUILT_PRODUCTS_DIR; };
		715C933C646A035E02422B6F /* Pods.release.xcconfig */ = {isa = PBXFileReference; includeInIndex = 1; lastKnownFileType = text.xcconfig; name = Pods.release.xcconfig; path = "Pods/Target Support Files/Pods/Pods.release.xcconfig"; sourceTree = "<group>"; };
		864604E6185D0B9C4D8F0BF5 /* Pods.debug.xcconfig */ = {isa = PBXFileReference; includeInIndex = 1; lastKnownFileType = text.xcconfig; name = Pods.debug.xcconfig; path = "Pods/Target Support Files/Pods/Pods.debug.xcconfig"; sourceTree = "<group>"; };
/* End PBXFileReference section */

/* Begin PBXFrameworksBuildPhase section */
		4E75086E1A9BB4900008D3C3 /* Frameworks */ = {
			isa = PBXFrameworksBuildPhase;
			buildActionMask = 2147483647;
			files = (
				4EFFC9DF1AE8AE28002475B9 /* CoreGraphics.framework in Frameworks */,
				A39DBFB63F80CDAB3B02D6BD /* libPods.a in Frameworks */,
			);
			runOnlyForDeploymentPostprocessing = 0;
		};
		4E75088A1A9BB4900008D3C3 /* Frameworks */ = {
			isa = PBXFrameworksBuildPhase;
			buildActionMask = 2147483647;
			files = (
			);
			runOnlyForDeploymentPostprocessing = 0;
		};
/* End PBXFrameworksBuildPhase section */

/* Begin PBXGroup section */
		3F802D1747C18C467F3B06FA /* Pods */ = {
			isa = PBXGroup;
			children = (
				864604E6185D0B9C4D8F0BF5 /* Pods.debug.xcconfig */,
				715C933C646A035E02422B6F /* Pods.release.xcconfig */,
			);
			name = Pods;
			sourceTree = "<group>";
		};
		4E7508681A9BB4900008D3C3 = {
			isa = PBXGroup;
			children = (
				4E7508731A9BB4900008D3C3 /* Cheers */,
				4E7508901A9BB4900008D3C3 /* CheersTests */,
				4E7508721A9BB4900008D3C3 /* Products */,
				3F802D1747C18C467F3B06FA /* Pods */,
				B6079BA1251FEBDA400FD4A6 /* Frameworks */,
			);
			sourceTree = "<group>";
		};
		4E7508721A9BB4900008D3C3 /* Products */ = {
			isa = PBXGroup;
			children = (
				4E7508711A9BB4900008D3C3 /* Cheers.app */,
				4E75088D1A9BB4900008D3C3 /* CheersTests.xctest */,
			);
			name = Products;
			sourceTree = "<group>";
		};
		4E7508731A9BB4900008D3C3 /* Cheers */ = {
			isa = PBXGroup;
			children = (
				4E3D1D4A1ABBAF92003E4FCE /* Cheers.entitlements */,
				4E75089F1A9BB4A70008D3C3 /* Controller */,
				4E75089E1A9BB4A20008D3C3 /* View */,
				4E75089D1A9BB49B0008D3C3 /* Model */,
				4E7508781A9BB4900008D3C3 /* AppDelegate.h */,
				4E7508791A9BB4900008D3C3 /* AppDelegate.m */,
				4E133DAC1AC25F51002E1C3F /* refresh.png */,
				4E7508841A9BB4900008D3C3 /* Images.xcassets */,
				4E75087B1A9BB4900008D3C3 /* Cheers.xcdatamodeld */,
				4E7508741A9BB4900008D3C3 /* Supporting Files */,
			);
			path = Cheers;
			sourceTree = "<group>";
		};
		4E7508741A9BB4900008D3C3 /* Supporting Files */ = {
			isa = PBXGroup;
			children = (
				4EBD33A51A9D86AF001A435F /* home_selected.png */,
				4EBD33A61A9D86AF001A435F /* home_selected@2x.png */,
				4EBD33A71A9D86AF001A435F /* home.png */,
				4EBD33A81A9D86AF001A435F /* home@2x.png */,
				4EBD33AD1A9D86AF001A435F /* myplan_selected.png */,
				4EBD33AE1A9D86AF001A435F /* myplan_selected@2x.png */,
				4EBD33AF1A9D86AF001A435F /* myplan.png */,
				4EBD33B01A9D86AF001A435F /* myplan@2x.png */,
				4EBD33B11A9D86AF001A435F /* settings_selected.png */,
				4EBD33B21A9D86AF001A435F /* settings_selected@2x.png */,
				4EBD33B31A9D86AF001A435F /* settings.png */,
				4EBD33B41A9D86AF001A435F /* settings@2x.png */,
				4EBD33B51A9D86AF001A435F /* tabbar_selected.png */,
				4EBD33B61A9D86AF001A435F /* tabbar_selected@2x.png */,
				4E7508C21A9D49960008D3C3 /* cosmo.jpeg */,
				4E7508BB1A9D34660008D3C3 /* drink.jpg */,
				4E7508751A9BB4900008D3C3 /* Info.plist */,
				4E7508761A9BB4900008D3C3 /* main.m */,
			);
			name = "Supporting Files";
			sourceTree = "<group>";
		};
		4E7508901A9BB4900008D3C3 /* CheersTests */ = {
			isa = PBXGroup;
			children = (
				4E7508931A9BB4900008D3C3 /* CheersTests.m */,
				4E7508911A9BB4900008D3C3 /* Supporting Files */,
			);
			path = CheersTests;
			sourceTree = "<group>";
		};
		4E7508911A9BB4900008D3C3 /* Supporting Files */ = {
			isa = PBXGroup;
			children = (
				4E7508921A9BB4900008D3C3 /* Info.plist */,
			);
			name = "Supporting Files";
			sourceTree = "<group>";
		};
		4E75089D1A9BB49B0008D3C3 /* Model */ = {
			isa = PBXGroup;
			children = (
				4E133DA91AC2064F002E1C3F /* MCSwipeTableViewCell.h */,
				4E133DAA1AC2064F002E1C3F /* MCSwipeTableViewCell.m */,
				4E7508BF1A9D3D490008D3C3 /* DrinkOrderCell.h */,
				4E7508C01A9D3D490008D3C3 /* DrinkOrderCell.m */,
				4E7508A01A9BB4D90008D3C3 /* Bar.h */,
				4E7508A11A9BB4D90008D3C3 /* Bar.m */,
				4E7508A31A9BB5F80008D3C3 /* Customer.h */,
				4E7508A41A9BB5F80008D3C3 /* Customer.m */,
				4E7508A61A9BB6EF0008D3C3 /* Drink.h */,
				4E7508A71A9BB6EF0008D3C3 /* Drink.m */,
				4E7508A91A9BB8300008D3C3 /* Bartender.h */,
				4E7508AA1A9BB8300008D3C3 /* Bartender.m */,
				4E7508AC1A9BB9120008D3C3 /* Order.h */,
				4E7508AD1A9BB9120008D3C3 /* Order.m */,
				4EBD33D61A9E40BE001A435F /* BarCell.h */,
				4EBD33D71A9E40BE001A435F /* BarCell.m */,
				4E07CFFA1AD662EB00FDEF99 /* ImagePickerObject.h */,
				4E07CFFB1AD662EB00FDEF99 /* ImagePickerObject.m */,
				4EFFC9ED1AEA1703002475B9 /* DrinkToOrderCell.h */,
				4EFFC9EE1AEA1703002475B9 /* DrinkToOrderCell.m */,
				4EFFC9E81AE8AF02002475B9 /* MMPickerView.h */,
				4EFFC9E91AE8AF02002475B9 /* MMPickerView.m */,
			);
			name = Model;
			sourceTree = "<group>";
		};
		4E75089E1A9BB4A20008D3C3 /* View */ = {
			isa = PBXGroup;
			children = (
				4E7508861A9BB4900008D3C3 /* LaunchScreen.xib */,
				4E7508811A9BB4900008D3C3 /* Main.storyboard */,
				4E7508BD1A9D3C780008D3C3 /* DrinkOrderCell.xib */,
				4EBD33D41A9E3FAE001A435F /* BarCell.xib */,
				4EFFC9EB1AEA16C9002475B9 /* DrinkInCartCell.xib */,
			);
			name = View;
			sourceTree = "<group>";
		};
		4E75089F1A9BB4A70008D3C3 /* Controller */ = {
			isa = PBXGroup;
			children = (
				4EBD33D91A9EF20D001A435F /* SignUpVC.h */,
				4EBD33DA1A9EF20D001A435F /* SignUpVC.m */,
				4EBD33D11A9E3EED001A435F /* BarsTableViewController.h */,
				4EBD33D21A9E3EED001A435F /* BarsTableViewController.m */,
				4E7508AF1A9BD1BA0008D3C3 /* OrderingViewController.h */,
				4E7508B01A9BD1BA0008D3C3 /* OrderingViewController.m */,
				4E7508B21A9BDA390008D3C3 /* BartenderViewController.h */,
				4E7508B31A9BDA390008D3C3 /* BartenderViewController.m */,
				4E7508B51A9D13050008D3C3 /* NetworkController.h */,
				4E7508B61A9D13050008D3C3 /* NetworkController.m */,
			);
			name = Controller;
			sourceTree = "<group>";
		};
		B6079BA1251FEBDA400FD4A6 /* Frameworks */ = {
			isa = PBXGroup;
			children = (
				4EFFC9DE1AE8AE28002475B9 /* CoreGraphics.framework */,
				4F217E42BA4F88ECC8A3EB96 /* libPods.a */,
			);
			name = Frameworks;
			sourceTree = "<group>";
		};
/* End PBXGroup section */

/* Begin PBXNativeTarget section */
		4E7508701A9BB4900008D3C3 /* Cheers */ = {
			isa = PBXNativeTarget;
			buildConfigurationList = 4E7508971A9BB4900008D3C3 /* Build configuration list for PBXNativeTarget "Cheers" */;
			buildPhases = (
				8383C447057E247A322306DA /* Check Pods Manifest.lock */,
				4E75086D1A9BB4900008D3C3 /* Sources */,
				4E75086E1A9BB4900008D3C3 /* Frameworks */,
				4E75086F1A9BB4900008D3C3 /* Resources */,
				835FF665199504D65BA25F66 /* Copy Pods Resources */,
			);
			buildRules = (
			);
			dependencies = (
			);
			name = Cheers;
			productName = Cheers;
			productReference = 4E7508711A9BB4900008D3C3 /* Cheers.app */;
			productType = "com.apple.product-type.application";
		};
		4E75088C1A9BB4900008D3C3 /* CheersTests */ = {
			isa = PBXNativeTarget;
			buildConfigurationList = 4E75089A1A9BB4900008D3C3 /* Build configuration list for PBXNativeTarget "CheersTests" */;
			buildPhases = (
				4E7508891A9BB4900008D3C3 /* Sources */,
				4E75088A1A9BB4900008D3C3 /* Frameworks */,
				4E75088B1A9BB4900008D3C3 /* Resources */,
			);
			buildRules = (
			);
			dependencies = (
				4E75088F1A9BB4900008D3C3 /* PBXTargetDependency */,
			);
			name = CheersTests;
			productName = CheersTests;
			productReference = 4E75088D1A9BB4900008D3C3 /* CheersTests.xctest */;
			productType = "com.apple.product-type.bundle.unit-test";
		};
/* End PBXNativeTarget section */

/* Begin PBXProject section */
		4E7508691A9BB4900008D3C3 /* Project object */ = {
			isa = PBXProject;
			attributes = {
				LastUpgradeCheck = 0610;
				ORGANIZATIONNAME = "Vania Kurniawati";
				TargetAttributes = {
					4E7508701A9BB4900008D3C3 = {
						CreatedOnToolsVersion = 6.1.1;
						DevelopmentTeam = 75948KND66;
						SystemCapabilities = {
							com.apple.OMC = {
								enabled = 1;
							};
						};
					};
					4E75088C1A9BB4900008D3C3 = {
						CreatedOnToolsVersion = 6.1.1;
						TestTargetID = 4E7508701A9BB4900008D3C3;
					};
				};
			};
			buildConfigurationList = 4E75086C1A9BB4900008D3C3 /* Build configuration list for PBXProject "Cheers" */;
			compatibilityVersion = "Xcode 3.2";
			developmentRegion = English;
			hasScannedForEncodings = 0;
			knownRegions = (
				en,
				Base,
			);
			mainGroup = 4E7508681A9BB4900008D3C3;
			productRefGroup = 4E7508721A9BB4900008D3C3 /* Products */;
			projectDirPath = "";
			projectRoot = "";
			targets = (
				4E7508701A9BB4900008D3C3 /* Cheers */,
				4E75088C1A9BB4900008D3C3 /* CheersTests */,
			);
		};
/* End PBXProject section */

/* Begin PBXResourcesBuildPhase section */
		4E75086F1A9BB4900008D3C3 /* Resources */ = {
			isa = PBXResourcesBuildPhase;
			buildActionMask = 2147483647;
			files = (
				4EBD33C51A9D86AF001A435F /* settings_selected.png in Resources */,
				4EBD33C81A9D86AF001A435F /* settings@2x.png in Resources */,
				4E7508BC1A9D34660008D3C3 /* drink.jpg in Resources */,
				4EBD33D51A9E3FAE001A435F /* BarCell.xib in Resources */,
				4EBD33BA1A9D86AF001A435F /* home_selected@2x.png in Resources */,
				4E7508831A9BB4900008D3C3 /* Main.storyboard in Resources */,
				4E7508BE1A9D3C780008D3C3 /* DrinkOrderCell.xib in Resources */,
				4E7508881A9BB4900008D3C3 /* LaunchScreen.xib in Resources */,
				4EFFC9EC1AEA16C9002475B9 /* DrinkInCartCell.xib in Resources */,
				4E7508851A9BB4900008D3C3 /* Images.xcassets in Resources */,
				4EBD33C31A9D86AF001A435F /* myplan.png in Resources */,
				4EBD33C41A9D86AF001A435F /* myplan@2x.png in Resources */,
				4E133DAD1AC25F52002E1C3F /* refresh.png in Resources */,
				4EBD33BB1A9D86AF001A435F /* home.png in Resources */,
				4EBD33B91A9D86AF001A435F /* home_selected.png in Resources */,
				4EBD33C71A9D86AF001A435F /* settings.png in Resources */,
				4EBD33C61A9D86AF001A435F /* settings_selected@2x.png in Resources */,
				4E7508C31A9D49960008D3C3 /* cosmo.jpeg in Resources */,
				4EBD33C91A9D86AF001A435F /* tabbar_selected.png in Resources */,
				4EBD33C21A9D86AF001A435F /* myplan_selected@2x.png in Resources */,
				4EBD33CA1A9D86AF001A435F /* tabbar_selected@2x.png in Resources */,
				4EBD33BC1A9D86AF001A435F /* home@2x.png in Resources */,
				4EBD33C11A9D86AF001A435F /* myplan_selected.png in Resources */,
			);
			runOnlyForDeploymentPostprocessing = 0;
		};
		4E75088B1A9BB4900008D3C3 /* Resources */ = {
			isa = PBXResourcesBuildPhase;
			buildActionMask = 2147483647;
			files = (
			);
			runOnlyForDeploymentPostprocessing = 0;
		};
/* End PBXResourcesBuildPhase section */

/* Begin PBXShellScriptBuildPhase section */
		835FF665199504D65BA25F66 /* Copy Pods Resources */ = {
			isa = PBXShellScriptBuildPhase;
			buildActionMask = 2147483647;
			files = (
			);
			inputPaths = (
			);
			name = "Copy Pods Resources";
			outputPaths = (
			);
			runOnlyForDeploymentPostprocessing = 0;
			shellPath = /bin/sh;
			shellScript = "\"${SRCROOT}/Pods/Target Support Files/Pods/Pods-resources.sh\"\n";
			showEnvVarsInLog = 0;
		};
		8383C447057E247A322306DA /* Check Pods Manifest.lock */ = {
			isa = PBXShellScriptBuildPhase;
			buildActionMask = 2147483647;
			files = (
			);
			inputPaths = (
			);
			name = "Check Pods Manifest.lock";
			outputPaths = (
			);
			runOnlyForDeploymentPostprocessing = 0;
			shellPath = /bin/sh;
			shellScript = "diff \"${PODS_ROOT}/../Podfile.lock\" \"${PODS_ROOT}/Manifest.lock\" > /dev/null\nif [[ $? != 0 ]] ; then\n    cat << EOM\nerror: The sandbox is not in sync with the Podfile.lock. Run 'pod install' or update your CocoaPods installation.\nEOM\n    exit 1\nfi\n";
			showEnvVarsInLog = 0;
		};
/* End PBXShellScriptBuildPhase section */

/* Begin PBXSourcesBuildPhase section */
		4E75086D1A9BB4900008D3C3 /* Sources */ = {
			isa = PBXSourcesBuildPhase;
			buildActionMask = 2147483647;
			files = (
				4EFFC9EF1AEA1703002475B9 /* DrinkToOrderCell.m in Sources */,
				4EBD33DB1A9EF20D001A435F /* SignUpVC.m in Sources */,
				4E7508AE1A9BB9120008D3C3 /* Order.m in Sources */,
				4E7508C11A9D3D490008D3C3 /* DrinkOrderCell.m in Sources */,
				4E75087A1A9BB4900008D3C3 /* AppDelegate.m in Sources */,
				4E7508A51A9BB5F80008D3C3 /* Customer.m in Sources */,
				4E7508A81A9BB6EF0008D3C3 /* Drink.m in Sources */,
				4EFFC9EA1AE8AF02002475B9 /* MMPickerView.m in Sources */,
				4E7508B71A9D13050008D3C3 /* NetworkController.m in Sources */,
				4E75087D1A9BB4900008D3C3 /* Cheers.xcdatamodeld in Sources */,
				4E07CFFC1AD662EB00FDEF99 /* ImagePickerObject.m in Sources */,
				4E7508A21A9BB4D90008D3C3 /* Bar.m in Sources */,
				4E133DAB1AC2064F002E1C3F /* MCSwipeTableViewCell.m in Sources */,
				4E7508B11A9BD1BA0008D3C3 /* OrderingViewController.m in Sources */,
				4E7508AB1A9BB8300008D3C3 /* Bartender.m in Sources */,
				4E7508B41A9BDA390008D3C3 /* BartenderViewController.m in Sources */,
				4E7508771A9BB4900008D3C3 /* main.m in Sources */,
				4EBD33D81A9E40BE001A435F /* BarCell.m in Sources */,
				4EBD33D31A9E3EED001A435F /* BarsTableViewController.m in Sources */,
			);
			runOnlyForDeploymentPostprocessing = 0;
		};
		4E7508891A9BB4900008D3C3 /* Sources */ = {
			isa = PBXSourcesBuildPhase;
			buildActionMask = 2147483647;
			files = (
				4E7508941A9BB4900008D3C3 /* CheersTests.m in Sources */,
			);
			runOnlyForDeploymentPostprocessing = 0;
		};
/* End PBXSourcesBuildPhase section */

/* Begin PBXTargetDependency section */
		4E75088F1A9BB4900008D3C3 /* PBXTargetDependency */ = {
			isa = PBXTargetDependency;
			target = 4E7508701A9BB4900008D3C3 /* Cheers */;
			targetProxy = 4E75088E1A9BB4900008D3C3 /* PBXContainerItemProxy */;
		};
/* End PBXTargetDependency section */

/* Begin PBXVariantGroup section */
		4E7508811A9BB4900008D3C3 /* Main.storyboard */ = {
			isa = PBXVariantGroup;
			children = (
				4E7508821A9BB4900008D3C3 /* Base */,
			);
			name = Main.storyboard;
			sourceTree = "<group>";
		};
		4E7508861A9BB4900008D3C3 /* LaunchScreen.xib */ = {
			isa = PBXVariantGroup;
			children = (
				4E7508871A9BB4900008D3C3 /* Base */,
			);
			name = LaunchScreen.xib;
			sourceTree = "<group>";
		};
/* End PBXVariantGroup section */

/* Begin XCBuildConfiguration section */
		4E7508951A9BB4900008D3C3 /* Debug */ = {
			isa = XCBuildConfiguration;
			buildSettings = {
				ALWAYS_SEARCH_USER_PATHS = NO;
				CLANG_CXX_LANGUAGE_STANDARD = "gnu++0x";
				CLANG_CXX_LIBRARY = "libc++";
				CLANG_ENABLE_MODULES = YES;
				CLANG_ENABLE_OBJC_ARC = YES;
				CLANG_WARN_BOOL_CONVERSION = YES;
				CLANG_WARN_CONSTANT_CONVERSION = YES;
				CLANG_WARN_DIRECT_OBJC_ISA_USAGE = YES_ERROR;
				CLANG_WARN_EMPTY_BODY = YES;
				CLANG_WARN_ENUM_CONVERSION = YES;
				CLANG_WARN_INT_CONVERSION = YES;
				CLANG_WARN_OBJC_ROOT_CLASS = YES_ERROR;
				CLANG_WARN_UNREACHABLE_CODE = YES;
				CLANG_WARN__DUPLICATE_METHOD_MATCH = YES;
				"CODE_SIGN_IDENTITY[sdk=iphoneos*]" = "iPhone Developer";
				COPY_PHASE_STRIP = NO;
				ENABLE_STRICT_OBJC_MSGSEND = YES;
				GCC_C_LANGUAGE_STANDARD = gnu99;
				GCC_DYNAMIC_NO_PIC = NO;
				GCC_OPTIMIZATION_LEVEL = 0;
				GCC_PREPROCESSOR_DEFINITIONS = (
					"DEBUG=1",
					"$(inherited)",
				);
				GCC_SYMBOLS_PRIVATE_EXTERN = NO;
				GCC_WARN_64_TO_32_BIT_CONVERSION = YES;
				GCC_WARN_ABOUT_RETURN_TYPE = YES_ERROR;
				GCC_WARN_UNDECLARED_SELECTOR = YES;
				GCC_WARN_UNINITIALIZED_AUTOS = YES_AGGRESSIVE;
				GCC_WARN_UNUSED_FUNCTION = YES;
				GCC_WARN_UNUSED_VARIABLE = YES;
				IPHONEOS_DEPLOYMENT_TARGET = 8.1;
				MTL_ENABLE_DEBUG_INFO = YES;
				ONLY_ACTIVE_ARCH = YES;
				SDKROOT = iphoneos;
				TARGETED_DEVICE_FAMILY = "1,2";
			};
			name = Debug;
		};
		4E7508961A9BB4900008D3C3 /* Release */ = {
			isa = XCBuildConfiguration;
			buildSettings = {
				ALWAYS_SEARCH_USER_PATHS = NO;
				CLANG_CXX_LANGUAGE_STANDARD = "gnu++0x";
				CLANG_CXX_LIBRARY = "libc++";
				CLANG_ENABLE_MODULES = YES;
				CLANG_ENABLE_OBJC_ARC = YES;
				CLANG_WARN_BOOL_CONVERSION = YES;
				CLANG_WARN_CONSTANT_CONVERSION = YES;
				CLANG_WARN_DIRECT_OBJC_ISA_USAGE = YES_ERROR;
				CLANG_WARN_EMPTY_BODY = YES;
				CLANG_WARN_ENUM_CONVERSION = YES;
				CLANG_WARN_INT_CONVERSION = YES;
				CLANG_WARN_OBJC_ROOT_CLASS = YES_ERROR;
				CLANG_WARN_UNREACHABLE_CODE = YES;
				CLANG_WARN__DUPLICATE_METHOD_MATCH = YES;
				"CODE_SIGN_IDENTITY[sdk=iphoneos*]" = "iPhone Developer";
				COPY_PHASE_STRIP = YES;
				ENABLE_NS_ASSERTIONS = NO;
				ENABLE_STRICT_OBJC_MSGSEND = YES;
				GCC_C_LANGUAGE_STANDARD = gnu99;
				GCC_WARN_64_TO_32_BIT_CONVERSION = YES;
				GCC_WARN_ABOUT_RETURN_TYPE = YES_ERROR;
				GCC_WARN_UNDECLARED_SELECTOR = YES;
				GCC_WARN_UNINITIALIZED_AUTOS = YES_AGGRESSIVE;
				GCC_WARN_UNUSED_FUNCTION = YES;
				GCC_WARN_UNUSED_VARIABLE = YES;
				IPHONEOS_DEPLOYMENT_TARGET = 8.1;
				MTL_ENABLE_DEBUG_INFO = NO;
				SDKROOT = iphoneos;
				TARGETED_DEVICE_FAMILY = "1,2";
				VALIDATE_PRODUCT = YES;
			};
			name = Release;
		};
		4E7508981A9BB4900008D3C3 /* Debug */ = {
			isa = XCBuildConfiguration;
			baseConfigurationReference = 864604E6185D0B9C4D8F0BF5 /* Pods.debug.xcconfig */;
			buildSettings = {
				ASSETCATALOG_COMPILER_APPICON_NAME = AppIcon;
				CODE_SIGN_ENTITLEMENTS = Cheers/Cheers.entitlements;
				CODE_SIGN_IDENTITY = "iPhone Developer";
				"CODE_SIGN_IDENTITY[sdk=iphoneos*]" = "iPhone Developer";
				GCC_PREPROCESSOR_DEFINITIONS = (
					"$(inherited)",
					"COCOAPODS=1",
					STRIPE_ENABLE_APPLEPAY,
				);
				INFOPLIST_FILE = Cheers/Info.plist;
				LD_RUNPATH_SEARCH_PATHS = "$(inherited) @executable_path/Frameworks";
				PRODUCT_NAME = "$(TARGET_NAME)";
				PROVISIONING_PROFILE = "";
			};
			name = Debug;
		};
		4E7508991A9BB4900008D3C3 /* Release */ = {
			isa = XCBuildConfiguration;
			baseConfigurationReference = 715C933C646A035E02422B6F /* Pods.release.xcconfig */;
			buildSettings = {
				ASSETCATALOG_COMPILER_APPICON_NAME = AppIcon;
				CODE_SIGN_ENTITLEMENTS = Cheers/Cheers.entitlements;
				CODE_SIGN_IDENTITY = "iPhone Developer";
				"CODE_SIGN_IDENTITY[sdk=iphoneos*]" = "iPhone Developer";
				GCC_PREPROCESSOR_DEFINITIONS = (
					"$(inherited)",
					"COCOAPODS=1",
					STRIPE_ENABLE_APPLEPAY,
				);
				INFOPLIST_FILE = Cheers/Info.plist;
				LD_RUNPATH_SEARCH_PATHS = "$(inherited) @executable_path/Frameworks";
				PRODUCT_NAME = "$(TARGET_NAME)";
				PROVISIONING_PROFILE = "";
			};
			name = Release;
		};
		4E75089B1A9BB4900008D3C3 /* Debug */ = {
			isa = XCBuildConfiguration;
			buildSettings = {
				BUNDLE_LOADER = "$(TEST_HOST)";
				FRAMEWORK_SEARCH_PATHS = (
					"$(SDKROOT)/Developer/Library/Frameworks",
					"$(inherited)",
				);
				GCC_PREPROCESSOR_DEFINITIONS = (
					"DEBUG=1",
					"$(inherited)",
				);
				INFOPLIST_FILE = CheersTests/Info.plist;
				LD_RUNPATH_SEARCH_PATHS = "$(inherited) @executable_path/Frameworks @loader_path/Frameworks";
				PRODUCT_NAME = "$(TARGET_NAME)";
				TEST_HOST = "$(BUILT_PRODUCTS_DIR)/Cheers.app/Cheers";
			};
			name = Debug;
		};
		4E75089C1A9BB4900008D3C3 /* Release */ = {
			isa = XCBuildConfiguration;
			buildSettings = {
				BUNDLE_LOADER = "$(TEST_HOST)";
				FRAMEWORK_SEARCH_PATHS = (
					"$(SDKROOT)/Developer/Library/Frameworks",
					"$(inherited)",
				);
				INFOPLIST_FILE = CheersTests/Info.plist;
				LD_RUNPATH_SEARCH_PATHS = "$(inherited) @executable_path/Frameworks @loader_path/Frameworks";
				PRODUCT_NAME = "$(TARGET_NAME)";
				TEST_HOST = "$(BUILT_PRODUCTS_DIR)/Cheers.app/Cheers";
			};
			name = Release;
		};
/* End XCBuildConfiguration section */

/* Begin XCConfigurationList section */
		4E75086C1A9BB4900008D3C3 /* Build configuration list for PBXProject "Cheers" */ = {
			isa = XCConfigurationList;
			buildConfigurations = (
				4E7508951A9BB4900008D3C3 /* Debug */,
				4E7508961A9BB4900008D3C3 /* Release */,
			);
			defaultConfigurationIsVisible = 0;
			defaultConfigurationName = Release;
		};
		4E7508971A9BB4900008D3C3 /* Build configuration list for PBXNativeTarget "Cheers" */ = {
			isa = XCConfigurationList;
			buildConfigurations = (
				4E7508981A9BB4900008D3C3 /* Debug */,
				4E7508991A9BB4900008D3C3 /* Release */,
			);
			defaultConfigurationIsVisible = 0;
			defaultConfigurationName = Release;
		};
		4E75089A1A9BB4900008D3C3 /* Build configuration list for PBXNativeTarget "CheersTests" */ = {
			isa = XCConfigurationList;
			buildConfigurations = (
				4E75089B1A9BB4900008D3C3 /* Debug */,
				4E75089C1A9BB4900008D3C3 /* Release */,
			);
			defaultConfigurationIsVisible = 0;
			defaultConfigurationName = Release;
		};
/* End XCConfigurationList section */

/* Begin XCVersionGroup section */
		4E75087B1A9BB4900008D3C3 /* Cheers.xcdatamodeld */ = {
			isa = XCVersionGroup;
			children = (
				4E75087C1A9BB4900008D3C3 /* Cheers.xcdatamodel */,
			);
			currentVersion = 4E75087C1A9BB4900008D3C3 /* Cheers.xcdatamodel */;
			path = Cheers.xcdatamodeld;
			sourceTree = "<group>";
			versionGroupType = wrapper.xcdatamodel;
		};
/* End XCVersionGroup section */
	};
	rootObject = 4E7508691A9BB4900008D3C3 /* Project object */;
}
